
Microsoft Visual Studio Solution File, Format Version 12.00
# Visual Studio Version 17
VisualStudioVersion = 17.9.34622.214
MinimumVisualStudioVersion = 10.0.40219.1
Project("{FAE04EC0-301F-11D3-BF4B-00C04F79EFBC}") = "DemoAuth0", "DemoAuth0\DemoAuth0.csproj", "{81BABE20-85A1-4A2A-957C-BFD9107FE1A2}"
EndProject
Global
	GlobalSection(SolutionConfigurationPlatforms) = preSolution
		Debug|Any CPU = Debug|Any CPU
		Release|Any CPU = Release|Any CPU
	EndGlobalSection
	GlobalSection(ProjectConfigurationPlatforms) = postSolution
		{81BABE20-85A1-4A2A-957C-BFD9107FE1A2}.Debug|Any CPU.ActiveCfg = Debug|Any CPU
		{81BABE20-85A1-4A2A-957C-BFD9107FE1A2}.Debug|Any CPU.Build.0 = Debug|Any CPU
		{81BABE20-85A1-4A2A-957C-BFD9107FE1A2}.Release|Any CPU.ActiveCfg = Release|Any CPU
		{81BABE20-85A1-4A2A-957C-BFD9107FE1A2}.Release|Any CPU.Build.0 = Release|Any CPU
	EndGlobalSection
	GlobalSection(SolutionProperties) = preSolution
		HideSolutionNode = FALSE
	EndGlobalSection
	GlobalSection(ExtensibilityGlobals) = postSolution
		SolutionGuid = {157F0534-5135-4570-9F6A-9B87540A77DA}
	EndGlobalSection
EndGlobal
